
Microsoft Visual Studio Solution File, Format Version 12.00
# Visual Studio 15
VisualStudioVersion = 15.0.28010.2050
MinimumVisualStudioVersion = 10.0.40219.1
Project("{FAE04EC0-301F-11D3-BF4B-00C04F79EFBC}") = "McaAadWebApiAspNetCore", "McaAadWebApiAspNetCore.csproj", "{5FA49AC0-87FE-40C1-860C-368E9D686954}"
EndProject
Global
	GlobalSection(SolutionConfigurationPlatforms) = preSolution
		Debug|Any CPU = Debug|Any CPU
		Release|Any CPU = Release|Any CPU
	EndGlobalSection
	GlobalSection(ProjectConfigurationPlatforms) = postSolution
		{5FA49AC0-87FE-40C1-860C-368E9D686954}.Debug|Any CPU.ActiveCfg = Debug|Any CPU
		{5FA49AC0-87FE-40C1-860C-368E9D686954}.Debug|Any CPU.Build.0 = Debug|Any CPU
		{5FA49AC0-87FE-40C1-860C-368E9D686954}.Release|Any CPU.ActiveCfg = Release|Any CPU
		{5FA49AC0-87FE-40C1-860C-368E9D686954}.Release|Any CPU.Build.0 = Release|Any CPU
	EndGlobalSection
	GlobalSection(SolutionProperties) = preSolution
		HideSolutionNode = FALSE
	EndGlobalSection
	GlobalSection(ExtensibilityGlobals) = postSolution
		SolutionGuid = {8D8AD48B-E94B-4B4E-9BFD-27DD9A952122}
	EndGlobalSection
EndGlobal
